PODS:
  - TensorFlowLiteC (2.10.0):
    - TensorFlowLiteC/Core (= 2.10.0)
  - TensorFlowLiteC/Core (2.10.0)
  - TensorFlowLiteSwift (2.10.0):
    - TensorFlowLiteSwift/Core (= 2.10.0)
  - TensorFlowLiteSwift/Core (2.10.0):
    - TensorFlowLiteC (= 2.10.0)
  - TensorFlowLiteTaskVision (0.4.3)

DEPENDENCIES:
  - TensorFlowLiteSwift (~> 2.10.0)
  - TensorFlowLiteTaskVision

SPEC REPOS:
  trunk:
    - TensorFlowLiteC
    - TensorFlowLiteSwift
    - TensorFlowLiteTaskVision

SPEC CHECKSUMS:
  TensorFlowLiteC: edf19548f50a1552e43dbd6906f5618a478bd038
  TensorFlowLiteSwift: fc26e0e9d63c8a98ff61187457635e660d787561
  TensorFlowLiteTaskVision: 125d5b49d325ba2cf3938454da5f74a1cbfe0552

PODFILE CHECKSUM: 9f9d6fa5d1b9416c57dce93e9689070e667d5cea

COCOAPODS: 1.11.3
